
Microsoft Visual Studio Solution File, Format Version 12.00
# Visual Studio Version 16
VisualStudioVersion = 16.0.30114.105
MinimumVisualStudioVersion = 10.0.40219.1
Project("{9A19103F-16F7-4668-BE54-9A1E7A4F7556}") = "StrategyLib", "Behavioral\01. Strategy\StrategyLib\StrategyLib.csproj", "{10949431-C10A-4857-A880-DD711CADBF77}"
EndProject
Project("{2150E333-8FDC-42A3-9474-1A3956D46DE8}") = "Behavioral", "Behavioral", "{C29324D1-26C0-433C-BAB9-322A2BFCCD95}"
EndProject
Project("{2150E333-8FDC-42A3-9474-1A3956D46DE8}") = "01. Strategy", "01. Strategy", "{6E277913-E408-4478-B826-1A987746AC3D}"
EndProject
Project("{9A19103F-16F7-4668-BE54-9A1E7A4F7556}") = "Strategy", "Behavioral\01. Strategy\Strategy\Strategy.csproj", "{1923529D-C445-4D18-8FCE-EECF6DA495C8}"
EndProject
Project("{9A19103F-16F7-4668-BE54-9A1E7A4F7556}") = "StrategyAlternative", "Behavioral\01. Strategy\StrategyAlternative\StrategyAlternative.csproj", "{0A85CABB-4EBD-4E78-B245-43BC1619E117}"
EndProject
Project("{9A19103F-16F7-4668-BE54-9A1E7A4F7556}") = "StrategyCreatingInvoice", "Behavioral\01. Strategy\StrategyCreatingInvoice\StrategyCreatingInvoice.csproj", "{261CBCC7-B7F1-4A85-8FF7-0A9BC04E6881}"
EndProject
Project("{9A19103F-16F7-4668-BE54-9A1E7A4F7556}") = "StrategyShipping", "Behavioral\01. Strategy\StrategyShipping\StrategyShipping.csproj", "{D02ED29F-F012-44FE-896D-30827394758A}"
EndProject
Project("{9A19103F-16F7-4668-BE54-9A1E7A4F7556}") = "StrategyArraySort", "Behavioral\01. Strategy\StrategyArraySort\StrategyArraySort.csproj", "{4D8B29C0-A4BF-4B39-ACE5-92FA321330CF}"
EndProject
Project("{2150E333-8FDC-42A3-9474-1A3956D46DE8}") = "02. Singleton", "02. Singleton", "{9222E9CA-6246-440A-B0B9-3867E0CBB47D}"
EndProject
Project("{9A19103F-16F7-4668-BE54-9A1E7A4F7556}") = "Singleton", "Behavioral\02. Singleton\Singleton\Singleton.csproj", "{6134A2C2-EE1E-4FD3-B1E4-905A7F5B61C1}"
EndProject
Project("{2150E333-8FDC-42A3-9474-1A3956D46DE8}") = "03. Command", "03. Command", "{650745BB-4910-4030-9088-EA2C70F1D6DE}"
EndProject
Project("{9A19103F-16F7-4668-BE54-9A1E7A4F7556}") = "Command", "Behavioral\03. Command\Command\Command.csproj", "{565866B0-C8CB-44F0-91FF-9D931A920491}"
EndProject
Project("{2150E333-8FDC-42A3-9474-1A3956D46DE8}") = "04. Bridge", "04. Bridge", "{577A7163-C107-42A1-883E-E938A26CC3E7}"
EndProject
Project("{9A19103F-16F7-4668-BE54-9A1E7A4F7556}") = "BridgeInheritance", "Behavioral\04. Bridge\BridgeInheritance\BridgeInheritance.csproj", "{2DEAAF56-47DC-4D50-809A-E1B2C3FE7393}"
EndProject
Project("{9A19103F-16F7-4668-BE54-9A1E7A4F7556}") = "BridgeComposition", "Behavioral\04. Bridge\BridgeComposition\BridgeComposition.csproj", "{8DE92E50-9A46-447B-BA68-10E3372E0883}"
EndProject
Project("{2150E333-8FDC-42A3-9474-1A3956D46DE8}") = "05. NullObject", "05. NullObject", "{674F7C0C-8A80-4D11-BAFC-9DFA2497CEE8}"
EndProject
Project("{9A19103F-16F7-4668-BE54-9A1E7A4F7556}") = "NullObject", "Behavioral\05. NullObject\NullObject\NullObject.csproj", "{74779D45-B744-4350-A7BE-AD12F5B2A1D0}"
EndProject
Project("{2150E333-8FDC-42A3-9474-1A3956D46DE8}") = "Other", "Other", "{8A4A97A5-7F87-4AA7-A95C-52C35B4C0A04}"
EndProject
Project("{2150E333-8FDC-42A3-9474-1A3956D46DE8}") = "01. Specification", "01. Specification", "{85FDDA14-1400-47CE-BEBB-146F1792374D}"
EndProject
Project("{9A19103F-16F7-4668-BE54-9A1E7A4F7556}") = "SpecificationValidation", "..\Specification\SpecificationValidation\SpecificationValidation.csproj", "{62B6F2A4-0B46-4FFE-BADC-95FB41AB1A07}"
EndProject
Project("{9A19103F-16F7-4668-BE54-9A1E7A4F7556}") = "SpecificationBuilding", "..\Specification\SpecificationBuilding\SpecificationBuilding.csproj", "{03C6E440-4AF4-41A9-AA74-954AA829A50E}"
EndProject
Project("{9A19103F-16F7-4668-BE54-9A1E7A4F7556}") = "SpecificationConstraints", "..\Specification\SpecificationConstraints\SpecificationConstraints.csproj", "{8A7C67AB-1524-4F9F-82AF-C31519041130}"
EndProject
Project("{2150E333-8FDC-42A3-9474-1A3956D46DE8}") = "06. State", "06. State", "{3CFD2679-ABAA-4CF0-83BA-FE0C09BBB2FA}"
EndProject
Project("{9A19103F-16F7-4668-BE54-9A1E7A4F7556}") = "StateNaive", "Behavioral\06. State\StateNaive\StateNaive.csproj", "{6097A78F-36C6-4271-8329-D15D1E9D27D1}"
EndProject
Project("{9A19103F-16F7-4668-BE54-9A1E7A4F7556}") = "State", "Behavioral\06. State\State\State.csproj", "{8952052C-8B17-4AFF-997E-823E20AD4352}"
EndProject
Project("{2150E333-8FDC-42A3-9474-1A3956D46DE8}") = "DataAccess", "DataAccess", "{2FD4D483-BA84-4B22-8E43-52ABA8BE9332}"
EndProject
Project("{2150E333-8FDC-42A3-9474-1A3956D46DE8}") = "01. Repository", "01. Repository", "{E5CE2E05-CE88-42A5-A98B-A97E9C63BC6E}"
EndProject
Project("{9A19103F-16F7-4668-BE54-9A1E7A4F7556}") = "Domain", "DataAccess\01. Repository\Domain\Domain.csproj", "{9944771E-152E-45E4-AC8F-E3702C92176D}"
EndProject
Project("{9A19103F-16F7-4668-BE54-9A1E7A4F7556}") = "Infrastructure", "DataAccess\01. Repository\Infrastructure\Infrastructure.csproj", "{A6B976E0-F39D-424D-BA97-5C9A67AFB3D1}"
EndProject
Project("{9A19103F-16F7-4668-BE54-9A1E7A4F7556}") = "Mvc", "DataAccess\01. Repository\Mvc\Mvc.csproj", "{B338D1DF-30DE-4C3E-BDE6-597598ED4784}"
EndProject
Project("{9A19103F-16F7-4668-BE54-9A1E7A4F7556}") = "Tests", "DataAccess\01. Repository\Tests\Tests.csproj", "{45C5B5BC-F412-46AD-81A5-C99FB12B3DAC}"
EndProject
Project("{2150E333-8FDC-42A3-9474-1A3956D46DE8}") = "02. UnitOfWork", "02. UnitOfWork", "{93A274D8-2743-4E34-A603-8816277C0302}"
EndProject
Project("{9A19103F-16F7-4668-BE54-9A1E7A4F7556}") = "UoWDomain", "DataAccess\02. UnitOfWork\UoWDomain\UoWDomain.csproj", "{0D399C63-02DD-4812-806E-B17F6B81E286}"
EndProject
Project("{9A19103F-16F7-4668-BE54-9A1E7A4F7556}") = "UoWInfrastructure", "DataAccess\02. UnitOfWork\UoWInfrastructure\UoWInfrastructure.csproj", "{7EBBE822-2324-4756-B235-62E26523E05A}"
EndProject
Project("{9A19103F-16F7-4668-BE54-9A1E7A4F7556}") = "UoWMvc", "DataAccess\02. UnitOfWork\UoWMvc\UoWMvc.csproj", "{2672F6D5-37F0-4547-AE7A-CD78A93C7695}"
EndProject
Project("{2150E333-8FDC-42A3-9474-1A3956D46DE8}") = "03. LazyLoad", "03. LazyLoad", "{9BDE2F7A-7AE3-4D03-8A1B-9AA8B97BF4D4}"
EndProject
Project("{9A19103F-16F7-4668-BE54-9A1E7A4F7556}") = "LazyLoadDomain", "DataAccess\03. LazyLoad\LazyLoadDomain\LazyLoadDomain.csproj", "{9248E5A4-D8A3-4525-89F6-A07F80A3EFEB}"
EndProject
Project("{9A19103F-16F7-4668-BE54-9A1E7A4F7556}") = "LazyLoadInfrastructure", "DataAccess\03. LazyLoad\LazyLoadInfrastructure\LazyLoadInfrastructure.csproj", "{259FB36F-5B85-45FB-9758-8BA44164B01B}"
EndProject
Project("{9A19103F-16F7-4668-BE54-9A1E7A4F7556}") = "LazyLoadMvc", "DataAccess\03. LazyLoad\LazyLoadMvc\LazyLoadMvc.csproj", "{9F402FDE-E2C5-45C2-B277-067522CBEA4D}"
EndProject
Project("{2150E333-8FDC-42A3-9474-1A3956D46DE8}") = "07. Mediator", "07. Mediator", "{694ED134-F685-4208-BD49-3799025D17CB}"
EndProject
Project("{9A19103F-16F7-4668-BE54-9A1E7A4F7556}") = "Mediator", "Behavioral\07. Mediator\Mediator\Mediator.csproj", "{8A4C2028-7622-463C-B3D4-37008802F124}"
EndProject
Project("{9A19103F-16F7-4668-BE54-9A1E7A4F7556}") = "LocationProximity", "Behavioral\07. Mediator\LocationProximity\LocationProximity.csproj", "{EF734AC9-E5D9-4DD3-9672-2CFE6C757380}"
EndProject
Project("{9A19103F-16F7-4668-BE54-9A1E7A4F7556}") = "MediatRDemo", "Behavioral\07. Mediator\MediatRDemo\MediatRDemo.csproj", "{FFD6E8A3-D822-4F15-A139-6B6169B4AEAA}"
EndProject
Project("{2150E333-8FDC-42A3-9474-1A3956D46DE8}") = "08. ChainOfResponsibility", "08. ChainOfResponsibility", "{3EF4FB3B-B058-4478-A169-322825E394CF}"
EndProject
Project("{9A19103F-16F7-4668-BE54-9A1E7A4F7556}") = "ChainValidation", "Behavioral\08. ChainOfResponsibility\ChainValidation\ChainValidation.csproj", "{AE705852-A6C4-4F2F-AE51-FB56AEC82C83}"
EndProject
Project("{9A19103F-16F7-4668-BE54-9A1E7A4F7556}") = "PaymentProcessing", "Behavioral\08. ChainOfResponsibility\PaymentProcessing\PaymentProcessing.csproj", "{AD016C50-EF95-4960-ADFC-3329EA74A4D4}"
EndProject
Project("{9A19103F-16F7-4668-BE54-9A1E7A4F7556}") = "PaymentProcessingImproved", "Behavioral\08. ChainOfResponsibility\PaymentProcessingImproved\PaymentProcessingImproved.csproj", "{2220D593-9FA2-4173-8936-8A3C783912B2}"
EndProject
Project("{9A19103F-16F7-4668-BE54-9A1E7A4F7556}") = "ILoggerCoR", "Behavioral\08. ChainOfResponsibility\ILoggerCoR\ILoggerCoR.csproj", "{C0428FA7-2F1D-472E-848E-B4CAD2BC8C7A}"
EndProject
Project("{9A19103F-16F7-4668-BE54-9A1E7A4F7556}") = "Middlewares", "Behavioral\08. ChainOfResponsibility\Middlewares\Middlewares.csproj", "{62713729-359C-4D0D-A8BD-B4E11A82101E}"
EndProject
Project("{2150E333-8FDC-42A3-9474-1A3956D46DE8}") = "09. TemplateMethod", "09. TemplateMethod", "{1E8D5434-84E7-4654-AB3C-9D0BE4430453}"
EndProject
Project("{9A19103F-16F7-4668-BE54-9A1E7A4F7556}") = "TemplateMethod", "Behavioral\09. TemplateMethod\TemplateMethod\TemplateMethod.csproj", "{3829748B-C1D4-457B-94A5-891679CE507C}"
EndProject
Project("{9A19103F-16F7-4668-BE54-9A1E7A4F7556}") = "TemplateMethodRefactored", "Behavioral\09. TemplateMethod\TemplateMethodRefactored\TemplateMethodRefactored.csproj", "{7CC3F299-43EC-4383-B985-083FEAD7BAFC}"
EndProject
Project("{2150E333-8FDC-42A3-9474-1A3956D46DE8}") = "10. Visitor", "10. Visitor", "{D19670C3-28A3-4480-8B1F-49C2225A7170}"
EndProject
Project("{9A19103F-16F7-4668-BE54-9A1E7A4F7556}") = "Visitor", "Behavioral\10. Visitor\Visitor\Visitor.csproj", "{9167FEDF-0F91-46DB-9DCC-3D23EA9A09D9}"
EndProject
Project("{2150E333-8FDC-42A3-9474-1A3956D46DE8}") = "11. Memento", "11. Memento", "{409FE3DA-D0E1-4316-83E6-548FC08798B2}"
EndProject
Project("{9A19103F-16F7-4668-BE54-9A1E7A4F7556}") = "AppOriginator", "Behavioral\11. Memento\AppOriginator\AppOriginator.csproj", "{F1A1986F-7BB4-407A-B2D8-B0CC8D2777F8}"
EndProject
Project("{2150E333-8FDC-42A3-9474-1A3956D46DE8}") = "12. RulesEngine", "12. RulesEngine", "{F9804568-572D-4305-BB40-BB8D91B1F223}"
EndProject
Project("{9A19103F-16F7-4668-BE54-9A1E7A4F7556}") = "AppCaretaker", "Behavioral\11. Memento\AppCaretaker\AppCaretaker.csproj", "{669AD0F1-CAD3-4879-9ED4-E3E670786312}"
EndProject
Project("{9A19103F-16F7-4668-BE54-9A1E7A4F7556}") = "RulesEngine", "Behavioral\12. RulesEngine\RulesEngine\RulesEngine.csproj", "{5EE099A9-67C8-4E07-9EE2-661C629B1E05}"
EndProject
Project("{2150E333-8FDC-42A3-9474-1A3956D46DE8}") = "Creational", "Creational", "{DE9E26ED-5FA9-4DA7-BDF5-99F4C15486A6}"
EndProject
Project("{2150E333-8FDC-42A3-9474-1A3956D46DE8}") = "Structural", "Structural", "{1CE21382-948B-49AA-AEAA-3665B2772224}"
EndProject
Project("{2150E333-8FDC-42A3-9474-1A3956D46DE8}") = "01. Builder", "01. Builder", "{9BADDD6B-CB07-4307-928D-09001A59D7E9}"
EndProject
Project("{9A19103F-16F7-4668-BE54-9A1E7A4F7556}") = "Builder", "Creational\01. Builder\Builder\Builder.csproj", "{3D8B6467-3DF7-4797-AFF5-FF2FD90A2AA6}"
EndProject
Project("{2150E333-8FDC-42A3-9474-1A3956D46DE8}") = "02. Prototype", "02. Prototype", "{B9F3A0D9-45DF-4D70-AE0B-9A29DC640EE5}"
EndProject
Project("{9A19103F-16F7-4668-BE54-9A1E7A4F7556}") = "Prototype", "Creational\02. Prototype\Prototype\Prototype.csproj", "{3E06E0AB-94E7-4AA3-8CC0-73808F6F0337}"
EndProject
Project("{2150E333-8FDC-42A3-9474-1A3956D46DE8}") = "03. Factory", "03. Factory", "{1765F959-F6D5-455C-86D5-359F110917B4}"
EndProject
Project("{9A19103F-16F7-4668-BE54-9A1E7A4F7556}") = "SimpleFactory", "Creational\03. Factory\SimpleFactory\SimpleFactory.csproj", "{09435E52-09C0-4770-9192-8F6AB5D31532}"
EndProject
Project("{9A19103F-16F7-4668-BE54-9A1E7A4F7556}") = "FactoryMethod", "Creational\03. Factory\FactoryMethod\FactoryMethod.csproj", "{76C43FFC-8A50-449E-9649-7DA5B619EC65}"
EndProject
Project("{9A19103F-16F7-4668-BE54-9A1E7A4F7556}") = "AbstractFactory", "Creational\03. Factory\AbstractFactory\AbstractFactory.csproj", "{8B59DC2C-34DE-4898-9732-634E9389566A}"
EndProject
Project("{9A19103F-16F7-4668-BE54-9A1E7A4F7556}") = "FactoryTests", "Creational\03. Factory\FactoryTests\FactoryTests.csproj", "{674E79FB-1DBB-423C-A200-E611F55AB105}"
EndProject
Project("{9A19103F-16F7-4668-BE54-9A1E7A4F7556}") = "FactoryProvider", "Creational\03. Factory\FactoryProvider\FactoryProvider.csproj", "{D967519F-99C0-4055-9F71-26862E32EBC0}"
EndProject
Project("{2150E333-8FDC-42A3-9474-1A3956D46DE8}") = "01. Facade", "01. Facade", "{7D80631B-04A6-4F63-A239-5575180B746E}"
EndProject
Project("{9A19103F-16F7-4668-BE54-9A1E7A4F7556}") = "BallOfMud", "Structural\01. Facade\BallOfMud\BallOfMud.csproj", "{6B5D25B3-C503-4D3A-A25E-7F39284EB5B2}"
EndProject
Project("{9A19103F-16F7-4668-BE54-9A1E7A4F7556}") = "Facade", "Structural\01. Facade\Facade\Facade.csproj", "{9834D05C-6A55-4841-8409-0E17046C86C2}"
EndProject
Project("{9A19103F-16F7-4668-BE54-9A1E7A4F7556}") = "GenericFacade", "Structural\01. Facade\GenericFacade\GenericFacade.csproj", "{A26E0080-75D0-4D51-99E4-7CDA24CE458A}"
EndProject
Project("{2150E333-8FDC-42A3-9474-1A3956D46DE8}") = "02. Decorator", "02. Decorator", "{398C159E-3E01-45EA-B3D7-9F756123D56E}"
EndProject
Project("{9A19103F-16F7-4668-BE54-9A1E7A4F7556}") = "Decorator", "Structural\02. Decorator\Decorator\Decorator.csproj", "{566A997E-57FF-4716-A3D1-58CBB2AFCF2B}"
EndProject
Project("{9A19103F-16F7-4668-BE54-9A1E7A4F7556}") = "Streams", "Structural\02. Decorator\Streams\Streams.csproj", "{2C3EDC39-76D3-4079-A087-6E6FC8374CDC}"
EndProject
Project("{2150E333-8FDC-42A3-9474-1A3956D46DE8}") = "03. Composite", "03. Composite", "{1F1DAD0B-121B-40A6-AC77-CE059EDE38AF}"
EndProject
Project("{9A19103F-16F7-4668-BE54-9A1E7A4F7556}") = "CompositeDemo", "Structural\03. Composite\CompositeDemo\CompositeDemo.csproj", "{3553CB34-0058-43F7-AE6F-20E1668613C3}"
EndProject
Project("{2150E333-8FDC-42A3-9474-1A3956D46DE8}") = "04. Adapter", "04. Adapter", "{9CFFAB17-C483-4207-9AC4-F2F12ACC3F9D}"
EndProject
Project("{FAE04EC0-301F-11D3-BF4B-00C04F79EFBC}") = "Adapter", "Structural\04. Adapter\Adapter\Adapter.csproj", "{7D1516E0-4662-4660-A80F-6E74F1982F4C}"
EndProject
Project("{2150E333-8FDC-42A3-9474-1A3956D46DE8}") = "05. Flyweight", "05. Flyweight", "{EBBA5663-5F66-4394-A589-668324CD9004}"
EndProject
Project("{FAE04EC0-301F-11D3-BF4B-00C04F79EFBC}") = "Flyweight", "Structural\05. Flyweight\Flyweight\Flyweight.csproj", "{0C47B1B3-3569-4C77-8209-73FF460DB5FE}"
EndProject
Global
	GlobalSection(SolutionConfigurationPlatforms) = preSolution
		Debug|Any CPU = Debug|Any CPU
		Release|Any CPU = Release|Any CPU
	EndGlobalSection
	GlobalSection(ProjectConfigurationPlatforms) = postSolution
		{10949431-C10A-4857-A880-DD711CADBF77}.Debug|Any CPU.ActiveCfg = Debug|Any CPU
		{10949431-C10A-4857-A880-DD711CADBF77}.Debug|Any CPU.Build.0 = Debug|Any CPU
		{10949431-C10A-4857-A880-DD711CADBF77}.Release|Any CPU.ActiveCfg = Release|Any CPU
		{10949431-C10A-4857-A880-DD711CADBF77}.Release|Any CPU.Build.0 = Release|Any CPU
		{1923529D-C445-4D18-8FCE-EECF6DA495C8}.Debug|Any CPU.ActiveCfg = Debug|Any CPU
		{1923529D-C445-4D18-8FCE-EECF6DA495C8}.Debug|Any CPU.Build.0 = Debug|Any CPU
		{1923529D-C445-4D18-8FCE-EECF6DA495C8}.Release|Any CPU.ActiveCfg = Release|Any CPU
		{1923529D-C445-4D18-8FCE-EECF6DA495C8}.Release|Any CPU.Build.0 = Release|Any CPU
		{0A85CABB-4EBD-4E78-B245-43BC1619E117}.Debug|Any CPU.ActiveCfg = Debug|Any CPU
		{0A85CABB-4EBD-4E78-B245-43BC1619E117}.Debug|Any CPU.Build.0 = Debug|Any CPU
		{0A85CABB-4EBD-4E78-B245-43BC1619E117}.Release|Any CPU.ActiveCfg = Release|Any CPU
		{0A85CABB-4EBD-4E78-B245-43BC1619E117}.Release|Any CPU.Build.0 = Release|Any CPU
		{261CBCC7-B7F1-4A85-8FF7-0A9BC04E6881}.Debug|Any CPU.ActiveCfg = Debug|Any CPU
		{261CBCC7-B7F1-4A85-8FF7-0A9BC04E6881}.Debug|Any CPU.Build.0 = Debug|Any CPU
		{261CBCC7-B7F1-4A85-8FF7-0A9BC04E6881}.Release|Any CPU.ActiveCfg = Release|Any CPU
		{261CBCC7-B7F1-4A85-8FF7-0A9BC04E6881}.Release|Any CPU.Build.0 = Release|Any CPU
		{D02ED29F-F012-44FE-896D-30827394758A}.Debug|Any CPU.ActiveCfg = Debug|Any CPU
		{D02ED29F-F012-44FE-896D-30827394758A}.Debug|Any CPU.Build.0 = Debug|Any CPU
		{D02ED29F-F012-44FE-896D-30827394758A}.Release|Any CPU.ActiveCfg = Release|Any CPU
		{D02ED29F-F012-44FE-896D-30827394758A}.Release|Any CPU.Build.0 = Release|Any CPU
		{4D8B29C0-A4BF-4B39-ACE5-92FA321330CF}.Debug|Any CPU.ActiveCfg = Debug|Any CPU
		{4D8B29C0-A4BF-4B39-ACE5-92FA321330CF}.Debug|Any CPU.Build.0 = Debug|Any CPU
		{4D8B29C0-A4BF-4B39-ACE5-92FA321330CF}.Release|Any CPU.ActiveCfg = Release|Any CPU
		{4D8B29C0-A4BF-4B39-ACE5-92FA321330CF}.Release|Any CPU.Build.0 = Release|Any CPU
		{6134A2C2-EE1E-4FD3-B1E4-905A7F5B61C1}.Debug|Any CPU.ActiveCfg = Debug|Any CPU
		{6134A2C2-EE1E-4FD3-B1E4-905A7F5B61C1}.Debug|Any CPU.Build.0 = Debug|Any CPU
		{6134A2C2-EE1E-4FD3-B1E4-905A7F5B61C1}.Release|Any CPU.ActiveCfg = Release|Any CPU
		{6134A2C2-EE1E-4FD3-B1E4-905A7F5B61C1}.Release|Any CPU.Build.0 = Release|Any CPU
		{565866B0-C8CB-44F0-91FF-9D931A920491}.Debug|Any CPU.ActiveCfg = Debug|Any CPU
		{565866B0-C8CB-44F0-91FF-9D931A920491}.Debug|Any CPU.Build.0 = Debug|Any CPU
		{565866B0-C8CB-44F0-91FF-9D931A920491}.Release|Any CPU.ActiveCfg = Release|Any CPU
		{565866B0-C8CB-44F0-91FF-9D931A920491}.Release|Any CPU.Build.0 = Release|Any CPU
		{2DEAAF56-47DC-4D50-809A-E1B2C3FE7393}.Debug|Any CPU.ActiveCfg = Debug|Any CPU
		{2DEAAF56-47DC-4D50-809A-E1B2C3FE7393}.Debug|Any CPU.Build.0 = Debug|Any CPU
		{2DEAAF56-47DC-4D50-809A-E1B2C3FE7393}.Release|Any CPU.ActiveCfg = Release|Any CPU
		{2DEAAF56-47DC-4D50-809A-E1B2C3FE7393}.Release|Any CPU.Build.0 = Release|Any CPU
		{8DE92E50-9A46-447B-BA68-10E3372E0883}.Debug|Any CPU.ActiveCfg = Debug|Any CPU
		{8DE92E50-9A46-447B-BA68-10E3372E0883}.Debug|Any CPU.Build.0 = Debug|Any CPU
		{8DE92E50-9A46-447B-BA68-10E3372E0883}.Release|Any CPU.ActiveCfg = Release|Any CPU
		{8DE92E50-9A46-447B-BA68-10E3372E0883}.Release|Any CPU.Build.0 = Release|Any CPU
		{74779D45-B744-4350-A7BE-AD12F5B2A1D0}.Debug|Any CPU.ActiveCfg = Debug|Any CPU
		{74779D45-B744-4350-A7BE-AD12F5B2A1D0}.Debug|Any CPU.Build.0 = Debug|Any CPU
		{74779D45-B744-4350-A7BE-AD12F5B2A1D0}.Release|Any CPU.ActiveCfg = Release|Any CPU
		{74779D45-B744-4350-A7BE-AD12F5B2A1D0}.Release|Any CPU.Build.0 = Release|Any CPU
		{62B6F2A4-0B46-4FFE-BADC-95FB41AB1A07}.Debug|Any CPU.ActiveCfg = Debug|Any CPU
		{62B6F2A4-0B46-4FFE-BADC-95FB41AB1A07}.Debug|Any CPU.Build.0 = Debug|Any CPU
		{62B6F2A4-0B46-4FFE-BADC-95FB41AB1A07}.Release|Any CPU.ActiveCfg = Release|Any CPU
		{62B6F2A4-0B46-4FFE-BADC-95FB41AB1A07}.Release|Any CPU.Build.0 = Release|Any CPU
		{03C6E440-4AF4-41A9-AA74-954AA829A50E}.Debug|Any CPU.ActiveCfg = Debug|Any CPU
		{03C6E440-4AF4-41A9-AA74-954AA829A50E}.Debug|Any CPU.Build.0 = Debug|Any CPU
		{03C6E440-4AF4-41A9-AA74-954AA829A50E}.Release|Any CPU.ActiveCfg = Release|Any CPU
		{03C6E440-4AF4-41A9-AA74-954AA829A50E}.Release|Any CPU.Build.0 = Release|Any CPU
		{8A7C67AB-1524-4F9F-82AF-C31519041130}.Debug|Any CPU.ActiveCfg = Debug|Any CPU
		{8A7C67AB-1524-4F9F-82AF-C31519041130}.Debug|Any CPU.Build.0 = Debug|Any CPU
		{8A7C67AB-1524-4F9F-82AF-C31519041130}.Release|Any CPU.ActiveCfg = Release|Any CPU
		{8A7C67AB-1524-4F9F-82AF-C31519041130}.Release|Any CPU.Build.0 = Release|Any CPU
		{6097A78F-36C6-4271-8329-D15D1E9D27D1}.Debug|Any CPU.ActiveCfg = Debug|Any CPU
		{6097A78F-36C6-4271-8329-D15D1E9D27D1}.Debug|Any CPU.Build.0 = Debug|Any CPU
		{6097A78F-36C6-4271-8329-D15D1E9D27D1}.Release|Any CPU.ActiveCfg = Release|Any CPU
		{6097A78F-36C6-4271-8329-D15D1E9D27D1}.Release|Any CPU.Build.0 = Release|Any CPU
		{8952052C-8B17-4AFF-997E-823E20AD4352}.Debug|Any CPU.ActiveCfg = Debug|Any CPU
		{8952052C-8B17-4AFF-997E-823E20AD4352}.Debug|Any CPU.Build.0 = Debug|Any CPU
		{8952052C-8B17-4AFF-997E-823E20AD4352}.Release|Any CPU.ActiveCfg = Release|Any CPU
		{8952052C-8B17-4AFF-997E-823E20AD4352}.Release|Any CPU.Build.0 = Release|Any CPU
		{9944771E-152E-45E4-AC8F-E3702C92176D}.Debug|Any CPU.ActiveCfg = Debug|Any CPU
		{9944771E-152E-45E4-AC8F-E3702C92176D}.Debug|Any CPU.Build.0 = Debug|Any CPU
		{9944771E-152E-45E4-AC8F-E3702C92176D}.Release|Any CPU.ActiveCfg = Release|Any CPU
		{9944771E-152E-45E4-AC8F-E3702C92176D}.Release|Any CPU.Build.0 = Release|Any CPU
		{A6B976E0-F39D-424D-BA97-5C9A67AFB3D1}.Debug|Any CPU.ActiveCfg = Debug|Any CPU
		{A6B976E0-F39D-424D-BA97-5C9A67AFB3D1}.Debug|Any CPU.Build.0 = Debug|Any CPU
		{A6B976E0-F39D-424D-BA97-5C9A67AFB3D1}.Release|Any CPU.ActiveCfg = Release|Any CPU
		{A6B976E0-F39D-424D-BA97-5C9A67AFB3D1}.Release|Any CPU.Build.0 = Release|Any CPU
		{B338D1DF-30DE-4C3E-BDE6-597598ED4784}.Debug|Any CPU.ActiveCfg = Debug|Any CPU
		{B338D1DF-30DE-4C3E-BDE6-597598ED4784}.Debug|Any CPU.Build.0 = Debug|Any CPU
		{B338D1DF-30DE-4C3E-BDE6-597598ED4784}.Release|Any CPU.ActiveCfg = Release|Any CPU
		{B338D1DF-30DE-4C3E-BDE6-597598ED4784}.Release|Any CPU.Build.0 = Release|Any CPU
		{45C5B5BC-F412-46AD-81A5-C99FB12B3DAC}.Debug|Any CPU.ActiveCfg = Debug|Any CPU
		{45C5B5BC-F412-46AD-81A5-C99FB12B3DAC}.Debug|Any CPU.Build.0 = Debug|Any CPU
		{45C5B5BC-F412-46AD-81A5-C99FB12B3DAC}.Release|Any CPU.ActiveCfg = Release|Any CPU
		{45C5B5BC-F412-46AD-81A5-C99FB12B3DAC}.Release|Any CPU.Build.0 = Release|Any CPU
		{0D399C63-02DD-4812-806E-B17F6B81E286}.Debug|Any CPU.ActiveCfg = Debug|Any CPU
		{0D399C63-02DD-4812-806E-B17F6B81E286}.Debug|Any CPU.Build.0 = Debug|Any CPU
		{0D399C63-02DD-4812-806E-B17F6B81E286}.Release|Any CPU.ActiveCfg = Release|Any CPU
		{0D399C63-02DD-4812-806E-B17F6B81E286}.Release|Any CPU.Build.0 = Release|Any CPU
		{7EBBE822-2324-4756-B235-62E26523E05A}.Debug|Any CPU.ActiveCfg = Debug|Any CPU
		{7EBBE822-2324-4756-B235-62E26523E05A}.Debug|Any CPU.Build.0 = Debug|Any CPU
		{7EBBE822-2324-4756-B235-62E26523E05A}.Release|Any CPU.ActiveCfg = Release|Any CPU
		{7EBBE822-2324-4756-B235-62E26523E05A}.Release|Any CPU.Build.0 = Release|Any CPU
		{2672F6D5-37F0-4547-AE7A-CD78A93C7695}.Debug|Any CPU.ActiveCfg = Debug|Any CPU
		{2672F6D5-37F0-4547-AE7A-CD78A93C7695}.Debug|Any CPU.Build.0 = Debug|Any CPU
		{2672F6D5-37F0-4547-AE7A-CD78A93C7695}.Release|Any CPU.ActiveCfg = Release|Any CPU
		{2672F6D5-37F0-4547-AE7A-CD78A93C7695}.Release|Any CPU.Build.0 = Release|Any CPU
		{9248E5A4-D8A3-4525-89F6-A07F80A3EFEB}.Debug|Any CPU.ActiveCfg = Debug|Any CPU
		{9248E5A4-D8A3-4525-89F6-A07F80A3EFEB}.Debug|Any CPU.Build.0 = Debug|Any CPU
		{9248E5A4-D8A3-4525-89F6-A07F80A3EFEB}.Release|Any CPU.ActiveCfg = Release|Any CPU
		{9248E5A4-D8A3-4525-89F6-A07F80A3EFEB}.Release|Any CPU.Build.0 = Release|Any CPU
		{259FB36F-5B85-45FB-9758-8BA44164B01B}.Debug|Any CPU.ActiveCfg = Debug|Any CPU
		{259FB36F-5B85-45FB-9758-8BA44164B01B}.Debug|Any CPU.Build.0 = Debug|Any CPU
		{259FB36F-5B85-45FB-9758-8BA44164B01B}.Release|Any CPU.ActiveCfg = Release|Any CPU
		{259FB36F-5B85-45FB-9758-8BA44164B01B}.Release|Any CPU.Build.0 = Release|Any CPU
		{9F402FDE-E2C5-45C2-B277-067522CBEA4D}.Debug|Any CPU.ActiveCfg = Debug|Any CPU
		{9F402FDE-E2C5-45C2-B277-067522CBEA4D}.Debug|Any CPU.Build.0 = Debug|Any CPU
		{9F402FDE-E2C5-45C2-B277-067522CBEA4D}.Release|Any CPU.ActiveCfg = Release|Any CPU
		{9F402FDE-E2C5-45C2-B277-067522CBEA4D}.Release|Any CPU.Build.0 = Release|Any CPU
		{8A4C2028-7622-463C-B3D4-37008802F124}.Debug|Any CPU.ActiveCfg = Debug|Any CPU
		{8A4C2028-7622-463C-B3D4-37008802F124}.Debug|Any CPU.Build.0 = Debug|Any CPU
		{8A4C2028-7622-463C-B3D4-37008802F124}.Release|Any CPU.ActiveCfg = Release|Any CPU
		{8A4C2028-7622-463C-B3D4-37008802F124}.Release|Any CPU.Build.0 = Release|Any CPU
		{EF734AC9-E5D9-4DD3-9672-2CFE6C757380}.Debug|Any CPU.ActiveCfg = Debug|Any CPU
		{EF734AC9-E5D9-4DD3-9672-2CFE6C757380}.Debug|Any CPU.Build.0 = Debug|Any CPU
		{EF734AC9-E5D9-4DD3-9672-2CFE6C757380}.Release|Any CPU.ActiveCfg = Release|Any CPU
		{EF734AC9-E5D9-4DD3-9672-2CFE6C757380}.Release|Any CPU.Build.0 = Release|Any CPU
		{FFD6E8A3-D822-4F15-A139-6B6169B4AEAA}.Debug|Any CPU.ActiveCfg = Debug|Any CPU
		{FFD6E8A3-D822-4F15-A139-6B6169B4AEAA}.Debug|Any CPU.Build.0 = Debug|Any CPU
		{FFD6E8A3-D822-4F15-A139-6B6169B4AEAA}.Release|Any CPU.ActiveCfg = Release|Any CPU
		{FFD6E8A3-D822-4F15-A139-6B6169B4AEAA}.Release|Any CPU.Build.0 = Release|Any CPU
		{AE705852-A6C4-4F2F-AE51-FB56AEC82C83}.Debug|Any CPU.ActiveCfg = Debug|Any CPU
		{AE705852-A6C4-4F2F-AE51-FB56AEC82C83}.Debug|Any CPU.Build.0 = Debug|Any CPU
		{AE705852-A6C4-4F2F-AE51-FB56AEC82C83}.Release|Any CPU.ActiveCfg = Release|Any CPU
		{AE705852-A6C4-4F2F-AE51-FB56AEC82C83}.Release|Any CPU.Build.0 = Release|Any CPU
		{AD016C50-EF95-4960-ADFC-3329EA74A4D4}.Debug|Any CPU.ActiveCfg = Debug|Any CPU
		{AD016C50-EF95-4960-ADFC-3329EA74A4D4}.Debug|Any CPU.Build.0 = Debug|Any CPU
		{AD016C50-EF95-4960-ADFC-3329EA74A4D4}.Release|Any CPU.ActiveCfg = Release|Any CPU
		{AD016C50-EF95-4960-ADFC-3329EA74A4D4}.Release|Any CPU.Build.0 = Release|Any CPU
		{2220D593-9FA2-4173-8936-8A3C783912B2}.Debug|Any CPU.ActiveCfg = Debug|Any CPU
		{2220D593-9FA2-4173-8936-8A3C783912B2}.Debug|Any CPU.Build.0 = Debug|Any CPU
		{2220D593-9FA2-4173-8936-8A3C783912B2}.Release|Any CPU.ActiveCfg = Release|Any CPU
		{2220D593-9FA2-4173-8936-8A3C783912B2}.Release|Any CPU.Build.0 = Release|Any CPU
		{C0428FA7-2F1D-472E-848E-B4CAD2BC8C7A}.Debug|Any CPU.ActiveCfg = Debug|Any CPU
		{C0428FA7-2F1D-472E-848E-B4CAD2BC8C7A}.Debug|Any CPU.Build.0 = Debug|Any CPU
		{C0428FA7-2F1D-472E-848E-B4CAD2BC8C7A}.Release|Any CPU.ActiveCfg = Release|Any CPU
		{C0428FA7-2F1D-472E-848E-B4CAD2BC8C7A}.Release|Any CPU.Build.0 = Release|Any CPU
		{62713729-359C-4D0D-A8BD-B4E11A82101E}.Debug|Any CPU.ActiveCfg = Debug|Any CPU
		{62713729-359C-4D0D-A8BD-B4E11A82101E}.Debug|Any CPU.Build.0 = Debug|Any CPU
		{62713729-359C-4D0D-A8BD-B4E11A82101E}.Release|Any CPU.ActiveCfg = Release|Any CPU
		{62713729-359C-4D0D-A8BD-B4E11A82101E}.Release|Any CPU.Build.0 = Release|Any CPU
		{3829748B-C1D4-457B-94A5-891679CE507C}.Debug|Any CPU.ActiveCfg = Debug|Any CPU
		{3829748B-C1D4-457B-94A5-891679CE507C}.Debug|Any CPU.Build.0 = Debug|Any CPU
		{3829748B-C1D4-457B-94A5-891679CE507C}.Release|Any CPU.ActiveCfg = Release|Any CPU
		{3829748B-C1D4-457B-94A5-891679CE507C}.Release|Any CPU.Build.0 = Release|Any CPU
		{7CC3F299-43EC-4383-B985-083FEAD7BAFC}.Debug|Any CPU.ActiveCfg = Debug|Any CPU
		{7CC3F299-43EC-4383-B985-083FEAD7BAFC}.Debug|Any CPU.Build.0 = Debug|Any CPU
		{7CC3F299-43EC-4383-B985-083FEAD7BAFC}.Release|Any CPU.ActiveCfg = Release|Any CPU
		{7CC3F299-43EC-4383-B985-083FEAD7BAFC}.Release|Any CPU.Build.0 = Release|Any CPU
		{9167FEDF-0F91-46DB-9DCC-3D23EA9A09D9}.Debug|Any CPU.ActiveCfg = Debug|Any CPU
		{9167FEDF-0F91-46DB-9DCC-3D23EA9A09D9}.Debug|Any CPU.Build.0 = Debug|Any CPU
		{9167FEDF-0F91-46DB-9DCC-3D23EA9A09D9}.Release|Any CPU.ActiveCfg = Release|Any CPU
		{9167FEDF-0F91-46DB-9DCC-3D23EA9A09D9}.Release|Any CPU.Build.0 = Release|Any CPU
		{F1A1986F-7BB4-407A-B2D8-B0CC8D2777F8}.Debug|Any CPU.ActiveCfg = Debug|Any CPU
		{F1A1986F-7BB4-407A-B2D8-B0CC8D2777F8}.Debug|Any CPU.Build.0 = Debug|Any CPU
		{F1A1986F-7BB4-407A-B2D8-B0CC8D2777F8}.Release|Any CPU.ActiveCfg = Release|Any CPU
		{F1A1986F-7BB4-407A-B2D8-B0CC8D2777F8}.Release|Any CPU.Build.0 = Release|Any CPU
		{669AD0F1-CAD3-4879-9ED4-E3E670786312}.Debug|Any CPU.ActiveCfg = Debug|Any CPU
		{669AD0F1-CAD3-4879-9ED4-E3E670786312}.Debug|Any CPU.Build.0 = Debug|Any CPU
		{669AD0F1-CAD3-4879-9ED4-E3E670786312}.Release|Any CPU.ActiveCfg = Release|Any CPU
		{669AD0F1-CAD3-4879-9ED4-E3E670786312}.Release|Any CPU.Build.0 = Release|Any CPU
		{5EE099A9-67C8-4E07-9EE2-661C629B1E05}.Debug|Any CPU.ActiveCfg = Debug|Any CPU
		{5EE099A9-67C8-4E07-9EE2-661C629B1E05}.Debug|Any CPU.Build.0 = Debug|Any CPU
		{5EE099A9-67C8-4E07-9EE2-661C629B1E05}.Release|Any CPU.ActiveCfg = Release|Any CPU
		{5EE099A9-67C8-4E07-9EE2-661C629B1E05}.Release|Any CPU.Build.0 = Release|Any CPU
		{3D8B6467-3DF7-4797-AFF5-FF2FD90A2AA6}.Debug|Any CPU.ActiveCfg = Debug|Any CPU
		{3D8B6467-3DF7-4797-AFF5-FF2FD90A2AA6}.Debug|Any CPU.Build.0 = Debug|Any CPU
		{3D8B6467-3DF7-4797-AFF5-FF2FD90A2AA6}.Release|Any CPU.ActiveCfg = Release|Any CPU
		{3D8B6467-3DF7-4797-AFF5-FF2FD90A2AA6}.Release|Any CPU.Build.0 = Release|Any CPU
		{3E06E0AB-94E7-4AA3-8CC0-73808F6F0337}.Debug|Any CPU.ActiveCfg = Debug|Any CPU
		{3E06E0AB-94E7-4AA3-8CC0-73808F6F0337}.Debug|Any CPU.Build.0 = Debug|Any CPU
		{3E06E0AB-94E7-4AA3-8CC0-73808F6F0337}.Release|Any CPU.ActiveCfg = Release|Any CPU
		{3E06E0AB-94E7-4AA3-8CC0-73808F6F0337}.Release|Any CPU.Build.0 = Release|Any CPU
		{09435E52-09C0-4770-9192-8F6AB5D31532}.Debug|Any CPU.ActiveCfg = Debug|Any CPU
		{09435E52-09C0-4770-9192-8F6AB5D31532}.Debug|Any CPU.Build.0 = Debug|Any CPU
		{09435E52-09C0-4770-9192-8F6AB5D31532}.Release|Any CPU.ActiveCfg = Release|Any CPU
		{09435E52-09C0-4770-9192-8F6AB5D31532}.Release|Any CPU.Build.0 = Release|Any CPU
		{76C43FFC-8A50-449E-9649-7DA5B619EC65}.Debug|Any CPU.ActiveCfg = Debug|Any CPU
		{76C43FFC-8A50-449E-9649-7DA5B619EC65}.Debug|Any CPU.Build.0 = Debug|Any CPU
		{76C43FFC-8A50-449E-9649-7DA5B619EC65}.Release|Any CPU.ActiveCfg = Release|Any CPU
		{76C43FFC-8A50-449E-9649-7DA5B619EC65}.Release|Any CPU.Build.0 = Release|Any CPU
		{8B59DC2C-34DE-4898-9732-634E9389566A}.Debug|Any CPU.ActiveCfg = Debug|Any CPU
		{8B59DC2C-34DE-4898-9732-634E9389566A}.Debug|Any CPU.Build.0 = Debug|Any CPU
		{8B59DC2C-34DE-4898-9732-634E9389566A}.Release|Any CPU.ActiveCfg = Release|Any CPU
		{8B59DC2C-34DE-4898-9732-634E9389566A}.Release|Any CPU.Build.0 = Release|Any CPU
		{674E79FB-1DBB-423C-A200-E611F55AB105}.Debug|Any CPU.ActiveCfg = Debug|Any CPU
		{674E79FB-1DBB-423C-A200-E611F55AB105}.Debug|Any CPU.Build.0 = Debug|Any CPU
		{674E79FB-1DBB-423C-A200-E611F55AB105}.Release|Any CPU.ActiveCfg = Release|Any CPU
		{674E79FB-1DBB-423C-A200-E611F55AB105}.Release|Any CPU.Build.0 = Release|Any CPU
		{D967519F-99C0-4055-9F71-26862E32EBC0}.Debug|Any CPU.ActiveCfg = Debug|Any CPU
		{D967519F-99C0-4055-9F71-26862E32EBC0}.Debug|Any CPU.Build.0 = Debug|Any CPU
		{D967519F-99C0-4055-9F71-26862E32EBC0}.Release|Any CPU.ActiveCfg = Release|Any CPU
		{D967519F-99C0-4055-9F71-26862E32EBC0}.Release|Any CPU.Build.0 = Release|Any CPU
		{6B5D25B3-C503-4D3A-A25E-7F39284EB5B2}.Debug|Any CPU.ActiveCfg = Debug|Any CPU
		{6B5D25B3-C503-4D3A-A25E-7F39284EB5B2}.Debug|Any CPU.Build.0 = Debug|Any CPU
		{6B5D25B3-C503-4D3A-A25E-7F39284EB5B2}.Release|Any CPU.ActiveCfg = Release|Any CPU
		{6B5D25B3-C503-4D3A-A25E-7F39284EB5B2}.Release|Any CPU.Build.0 = Release|Any CPU
		{9834D05C-6A55-4841-8409-0E17046C86C2}.Debug|Any CPU.ActiveCfg = Debug|Any CPU
		{9834D05C-6A55-4841-8409-0E17046C86C2}.Debug|Any CPU.Build.0 = Debug|Any CPU
		{9834D05C-6A55-4841-8409-0E17046C86C2}.Release|Any CPU.ActiveCfg = Release|Any CPU
		{9834D05C-6A55-4841-8409-0E17046C86C2}.Release|Any CPU.Build.0 = Release|Any CPU
		{A26E0080-75D0-4D51-99E4-7CDA24CE458A}.Debug|Any CPU.ActiveCfg = Debug|Any CPU
		{A26E0080-75D0-4D51-99E4-7CDA24CE458A}.Debug|Any CPU.Build.0 = Debug|Any CPU
		{A26E0080-75D0-4D51-99E4-7CDA24CE458A}.Release|Any CPU.ActiveCfg = Release|Any CPU
		{A26E0080-75D0-4D51-99E4-7CDA24CE458A}.Release|Any CPU.Build.0 = Release|Any CPU
		{566A997E-57FF-4716-A3D1-58CBB2AFCF2B}.Debug|Any CPU.ActiveCfg = Debug|Any CPU
		{566A997E-57FF-4716-A3D1-58CBB2AFCF2B}.Debug|Any CPU.Build.0 = Debug|Any CPU
		{566A997E-57FF-4716-A3D1-58CBB2AFCF2B}.Release|Any CPU.ActiveCfg = Release|Any CPU
		{566A997E-57FF-4716-A3D1-58CBB2AFCF2B}.Release|Any CPU.Build.0 = Release|Any CPU
		{2C3EDC39-76D3-4079-A087-6E6FC8374CDC}.Debug|Any CPU.ActiveCfg = Debug|Any CPU
		{2C3EDC39-76D3-4079-A087-6E6FC8374CDC}.Debug|Any CPU.Build.0 = Debug|Any CPU
		{2C3EDC39-76D3-4079-A087-6E6FC8374CDC}.Release|Any CPU.ActiveCfg = Release|Any CPU
		{2C3EDC39-76D3-4079-A087-6E6FC8374CDC}.Release|Any CPU.Build.0 = Release|Any CPU
		{3553CB34-0058-43F7-AE6F-20E1668613C3}.Debug|Any CPU.ActiveCfg = Debug|Any CPU
		{3553CB34-0058-43F7-AE6F-20E1668613C3}.Debug|Any CPU.Build.0 = Debug|Any CPU
		{3553CB34-0058-43F7-AE6F-20E1668613C3}.Release|Any CPU.ActiveCfg = Release|Any CPU
		{3553CB34-0058-43F7-AE6F-20E1668613C3}.Release|Any CPU.Build.0 = Release|Any CPU
		{7D1516E0-4662-4660-A80F-6E74F1982F4C}.Debug|Any CPU.ActiveCfg = Debug|Any CPU
		{7D1516E0-4662-4660-A80F-6E74F1982F4C}.Debug|Any CPU.Build.0 = Debug|Any CPU
		{7D1516E0-4662-4660-A80F-6E74F1982F4C}.Release|Any CPU.ActiveCfg = Release|Any CPU
		{7D1516E0-4662-4660-A80F-6E74F1982F4C}.Release|Any CPU.Build.0 = Release|Any CPU
		{0C47B1B3-3569-4C77-8209-73FF460DB5FE}.Debug|Any CPU.ActiveCfg = Debug|Any CPU
		{0C47B1B3-3569-4C77-8209-73FF460DB5FE}.Debug|Any CPU.Build.0 = Debug|Any CPU
		{0C47B1B3-3569-4C77-8209-73FF460DB5FE}.Release|Any CPU.ActiveCfg = Release|Any CPU
		{0C47B1B3-3569-4C77-8209-73FF460DB5FE}.Release|Any CPU.Build.0 = Release|Any CPU
	EndGlobalSection
	GlobalSection(SolutionProperties) = preSolution
		HideSolutionNode = FALSE
	EndGlobalSection
	GlobalSection(NestedProjects) = preSolution
		{10949431-C10A-4857-A880-DD711CADBF77} = {6E277913-E408-4478-B826-1A987746AC3D}
		{6E277913-E408-4478-B826-1A987746AC3D} = {C29324D1-26C0-433C-BAB9-322A2BFCCD95}
		{1923529D-C445-4D18-8FCE-EECF6DA495C8} = {6E277913-E408-4478-B826-1A987746AC3D}
		{0A85CABB-4EBD-4E78-B245-43BC1619E117} = {6E277913-E408-4478-B826-1A987746AC3D}
		{261CBCC7-B7F1-4A85-8FF7-0A9BC04E6881} = {6E277913-E408-4478-B826-1A987746AC3D}
		{D02ED29F-F012-44FE-896D-30827394758A} = {6E277913-E408-4478-B826-1A987746AC3D}
		{4D8B29C0-A4BF-4B39-ACE5-92FA321330CF} = {6E277913-E408-4478-B826-1A987746AC3D}
		{9222E9CA-6246-440A-B0B9-3867E0CBB47D} = {C29324D1-26C0-433C-BAB9-322A2BFCCD95}
		{6134A2C2-EE1E-4FD3-B1E4-905A7F5B61C1} = {9222E9CA-6246-440A-B0B9-3867E0CBB47D}
		{650745BB-4910-4030-9088-EA2C70F1D6DE} = {C29324D1-26C0-433C-BAB9-322A2BFCCD95}
		{565866B0-C8CB-44F0-91FF-9D931A920491} = {650745BB-4910-4030-9088-EA2C70F1D6DE}
		{577A7163-C107-42A1-883E-E938A26CC3E7} = {C29324D1-26C0-433C-BAB9-322A2BFCCD95}
		{2DEAAF56-47DC-4D50-809A-E1B2C3FE7393} = {577A7163-C107-42A1-883E-E938A26CC3E7}
		{8DE92E50-9A46-447B-BA68-10E3372E0883} = {577A7163-C107-42A1-883E-E938A26CC3E7}
		{674F7C0C-8A80-4D11-BAFC-9DFA2497CEE8} = {C29324D1-26C0-433C-BAB9-322A2BFCCD95}
		{74779D45-B744-4350-A7BE-AD12F5B2A1D0} = {674F7C0C-8A80-4D11-BAFC-9DFA2497CEE8}
		{85FDDA14-1400-47CE-BEBB-146F1792374D} = {8A4A97A5-7F87-4AA7-A95C-52C35B4C0A04}
		{62B6F2A4-0B46-4FFE-BADC-95FB41AB1A07} = {85FDDA14-1400-47CE-BEBB-146F1792374D}
		{03C6E440-4AF4-41A9-AA74-954AA829A50E} = {85FDDA14-1400-47CE-BEBB-146F1792374D}
		{8A7C67AB-1524-4F9F-82AF-C31519041130} = {85FDDA14-1400-47CE-BEBB-146F1792374D}
		{3CFD2679-ABAA-4CF0-83BA-FE0C09BBB2FA} = {C29324D1-26C0-433C-BAB9-322A2BFCCD95}
		{6097A78F-36C6-4271-8329-D15D1E9D27D1} = {3CFD2679-ABAA-4CF0-83BA-FE0C09BBB2FA}
		{8952052C-8B17-4AFF-997E-823E20AD4352} = {3CFD2679-ABAA-4CF0-83BA-FE0C09BBB2FA}
		{E5CE2E05-CE88-42A5-A98B-A97E9C63BC6E} = {2FD4D483-BA84-4B22-8E43-52ABA8BE9332}
		{9944771E-152E-45E4-AC8F-E3702C92176D} = {E5CE2E05-CE88-42A5-A98B-A97E9C63BC6E}
		{A6B976E0-F39D-424D-BA97-5C9A67AFB3D1} = {E5CE2E05-CE88-42A5-A98B-A97E9C63BC6E}
		{B338D1DF-30DE-4C3E-BDE6-597598ED4784} = {E5CE2E05-CE88-42A5-A98B-A97E9C63BC6E}
		{45C5B5BC-F412-46AD-81A5-C99FB12B3DAC} = {E5CE2E05-CE88-42A5-A98B-A97E9C63BC6E}
		{93A274D8-2743-4E34-A603-8816277C0302} = {2FD4D483-BA84-4B22-8E43-52ABA8BE9332}
		{0D399C63-02DD-4812-806E-B17F6B81E286} = {93A274D8-2743-4E34-A603-8816277C0302}
		{7EBBE822-2324-4756-B235-62E26523E05A} = {93A274D8-2743-4E34-A603-8816277C0302}
		{2672F6D5-37F0-4547-AE7A-CD78A93C7695} = {93A274D8-2743-4E34-A603-8816277C0302}
		{9BDE2F7A-7AE3-4D03-8A1B-9AA8B97BF4D4} = {2FD4D483-BA84-4B22-8E43-52ABA8BE9332}
		{9248E5A4-D8A3-4525-89F6-A07F80A3EFEB} = {9BDE2F7A-7AE3-4D03-8A1B-9AA8B97BF4D4}
		{259FB36F-5B85-45FB-9758-8BA44164B01B} = {9BDE2F7A-7AE3-4D03-8A1B-9AA8B97BF4D4}
		{9F402FDE-E2C5-45C2-B277-067522CBEA4D} = {9BDE2F7A-7AE3-4D03-8A1B-9AA8B97BF4D4}
		{694ED134-F685-4208-BD49-3799025D17CB} = {C29324D1-26C0-433C-BAB9-322A2BFCCD95}
		{8A4C2028-7622-463C-B3D4-37008802F124} = {694ED134-F685-4208-BD49-3799025D17CB}
		{EF734AC9-E5D9-4DD3-9672-2CFE6C757380} = {694ED134-F685-4208-BD49-3799025D17CB}
		{FFD6E8A3-D822-4F15-A139-6B6169B4AEAA} = {694ED134-F685-4208-BD49-3799025D17CB}
		{3EF4FB3B-B058-4478-A169-322825E394CF} = {C29324D1-26C0-433C-BAB9-322A2BFCCD95}
		{AE705852-A6C4-4F2F-AE51-FB56AEC82C83} = {3EF4FB3B-B058-4478-A169-322825E394CF}
		{AD016C50-EF95-4960-ADFC-3329EA74A4D4} = {3EF4FB3B-B058-4478-A169-322825E394CF}
		{2220D593-9FA2-4173-8936-8A3C783912B2} = {3EF4FB3B-B058-4478-A169-322825E394CF}
		{C0428FA7-2F1D-472E-848E-B4CAD2BC8C7A} = {3EF4FB3B-B058-4478-A169-322825E394CF}
		{62713729-359C-4D0D-A8BD-B4E11A82101E} = {3EF4FB3B-B058-4478-A169-322825E394CF}
		{1E8D5434-84E7-4654-AB3C-9D0BE4430453} = {C29324D1-26C0-433C-BAB9-322A2BFCCD95}
		{3829748B-C1D4-457B-94A5-891679CE507C} = {1E8D5434-84E7-4654-AB3C-9D0BE4430453}
		{7CC3F299-43EC-4383-B985-083FEAD7BAFC} = {1E8D5434-84E7-4654-AB3C-9D0BE4430453}
		{D19670C3-28A3-4480-8B1F-49C2225A7170} = {C29324D1-26C0-433C-BAB9-322A2BFCCD95}
		{9167FEDF-0F91-46DB-9DCC-3D23EA9A09D9} = {D19670C3-28A3-4480-8B1F-49C2225A7170}
		{409FE3DA-D0E1-4316-83E6-548FC08798B2} = {C29324D1-26C0-433C-BAB9-322A2BFCCD95}
		{F1A1986F-7BB4-407A-B2D8-B0CC8D2777F8} = {409FE3DA-D0E1-4316-83E6-548FC08798B2}
		{F9804568-572D-4305-BB40-BB8D91B1F223} = {C29324D1-26C0-433C-BAB9-322A2BFCCD95}
		{669AD0F1-CAD3-4879-9ED4-E3E670786312} = {409FE3DA-D0E1-4316-83E6-548FC08798B2}
		{5EE099A9-67C8-4E07-9EE2-661C629B1E05} = {F9804568-572D-4305-BB40-BB8D91B1F223}
		{9BADDD6B-CB07-4307-928D-09001A59D7E9} = {DE9E26ED-5FA9-4DA7-BDF5-99F4C15486A6}
		{3D8B6467-3DF7-4797-AFF5-FF2FD90A2AA6} = {9BADDD6B-CB07-4307-928D-09001A59D7E9}
		{B9F3A0D9-45DF-4D70-AE0B-9A29DC640EE5} = {DE9E26ED-5FA9-4DA7-BDF5-99F4C15486A6}
		{3E06E0AB-94E7-4AA3-8CC0-73808F6F0337} = {B9F3A0D9-45DF-4D70-AE0B-9A29DC640EE5}
		{1765F959-F6D5-455C-86D5-359F110917B4} = {DE9E26ED-5FA9-4DA7-BDF5-99F4C15486A6}
		{09435E52-09C0-4770-9192-8F6AB5D31532} = {1765F959-F6D5-455C-86D5-359F110917B4}
		{76C43FFC-8A50-449E-9649-7DA5B619EC65} = {1765F959-F6D5-455C-86D5-359F110917B4}
		{8B59DC2C-34DE-4898-9732-634E9389566A} = {1765F959-F6D5-455C-86D5-359F110917B4}
		{674E79FB-1DBB-423C-A200-E611F55AB105} = {1765F959-F6D5-455C-86D5-359F110917B4}
		{D967519F-99C0-4055-9F71-26862E32EBC0} = {1765F959-F6D5-455C-86D5-359F110917B4}
		{7D80631B-04A6-4F63-A239-5575180B746E} = {1CE21382-948B-49AA-AEAA-3665B2772224}
		{6B5D25B3-C503-4D3A-A25E-7F39284EB5B2} = {7D80631B-04A6-4F63-A239-5575180B746E}
		{9834D05C-6A55-4841-8409-0E17046C86C2} = {7D80631B-04A6-4F63-A239-5575180B746E}
		{A26E0080-75D0-4D51-99E4-7CDA24CE458A} = {7D80631B-04A6-4F63-A239-5575180B746E}
		{398C159E-3E01-45EA-B3D7-9F756123D56E} = {1CE21382-948B-49AA-AEAA-3665B2772224}
		{566A997E-57FF-4716-A3D1-58CBB2AFCF2B} = {398C159E-3E01-45EA-B3D7-9F756123D56E}
		{2C3EDC39-76D3-4079-A087-6E6FC8374CDC} = {398C159E-3E01-45EA-B3D7-9F756123D56E}
		{1F1DAD0B-121B-40A6-AC77-CE059EDE38AF} = {1CE21382-948B-49AA-AEAA-3665B2772224}
		{3553CB34-0058-43F7-AE6F-20E1668613C3} = {1F1DAD0B-121B-40A6-AC77-CE059EDE38AF}
		{9CFFAB17-C483-4207-9AC4-F2F12ACC3F9D} = {1CE21382-948B-49AA-AEAA-3665B2772224}
		{7D1516E0-4662-4660-A80F-6E74F1982F4C} = {9CFFAB17-C483-4207-9AC4-F2F12ACC3F9D}
		{EBBA5663-5F66-4394-A589-668324CD9004} = {1CE21382-948B-49AA-AEAA-3665B2772224}
		{0C47B1B3-3569-4C77-8209-73FF460DB5FE} = {EBBA5663-5F66-4394-A589-668324CD9004}
	EndGlobalSection
	GlobalSection(ExtensibilityGlobals) = postSolution
		SolutionGuid = {B79B57A2-B8C0-4309-A55F-B811E1782B87}
	EndGlobalSection
EndGlobal
