
Microsoft Visual Studio Solution File, Format Version 12.00
# Visual Studio Version 16
VisualStudioVersion = 16.0.30114.105
MinimumVisualStudioVersion = 10.0.40219.1
Project("{9A19103F-16F7-4668-BE54-9A1E7A4F7556}") = "StrategyLib", "Behavioral\01. Strategy\StrategyLib\StrategyLib.csproj", "{10949431-C10A-4857-A880-DD711CADBF77}"
EndProject
Project("{2150E333-8FDC-42A3-9474-1A3956D46DE8}") = "Behavioral", "Behavioral", "{C29324D1-26C0-433C-BAB9-322A2BFCCD95}"
EndProject
Project("{2150E333-8FDC-42A3-9474-1A3956D46DE8}") = "01. Strategy", "01. Strategy", "{6E277913-E408-4478-B826-1A987746AC3D}"
EndProject
Project("{9A19103F-16F7-4668-BE54-9A1E7A4F7556}") = "Strategy", "Behavioral\01. Strategy\Strategy\Strategy.csproj", "{1923529D-C445-4D18-8FCE-EECF6DA495C8}"
EndProject
Project("{9A19103F-16F7-4668-BE54-9A1E7A4F7556}") = "StrategyAlternative", "Behavioral\01. Strategy\StrategyAlternative\StrategyAlternative.csproj", "{0A85CABB-4EBD-4E78-B245-43BC1619E117}"
EndProject
Project("{9A19103F-16F7-4668-BE54-9A1E7A4F7556}") = "StrategyCreatingInvoice", "Behavioral\01. Strategy\StrategyCreatingInvoice\StrategyCreatingInvoice.csproj", "{261CBCC7-B7F1-4A85-8FF7-0A9BC04E6881}"
EndProject
Project("{9A19103F-16F7-4668-BE54-9A1E7A4F7556}") = "StrategyShipping", "Behavioral\01. Strategy\StrategyShipping\StrategyShipping.csproj", "{D02ED29F-F012-44FE-896D-30827394758A}"
EndProject
Project("{9A19103F-16F7-4668-BE54-9A1E7A4F7556}") = "StrategyArraySort", "Behavioral\01. Strategy\StrategyArraySort\StrategyArraySort.csproj", "{4D8B29C0-A4BF-4B39-ACE5-92FA321330CF}"
EndProject
Project("{2150E333-8FDC-42A3-9474-1A3956D46DE8}") = "02. Singleton", "02. Singleton", "{9222E9CA-6246-440A-B0B9-3867E0CBB47D}"
EndProject
Project("{9A19103F-16F7-4668-BE54-9A1E7A4F7556}") = "Singleton", "Behavioral\02. Singleton\Singleton\Singleton.csproj", "{6134A2C2-EE1E-4FD3-B1E4-905A7F5B61C1}"
EndProject
Project("{2150E333-8FDC-42A3-9474-1A3956D46DE8}") = "03. Command", "03. Command", "{650745BB-4910-4030-9088-EA2C70F1D6DE}"
EndProject
Project("{9A19103F-16F7-4668-BE54-9A1E7A4F7556}") = "Command", "Behavioral\03. Command\Command\Command.csproj", "{565866B0-C8CB-44F0-91FF-9D931A920491}"
EndProject
Project("{2150E333-8FDC-42A3-9474-1A3956D46DE8}") = "04. Bridge", "04. Bridge", "{577A7163-C107-42A1-883E-E938A26CC3E7}"
EndProject
Project("{9A19103F-16F7-4668-BE54-9A1E7A4F7556}") = "BridgeInheritance", "Behavioral\04. Bridge\BridgeInheritance\BridgeInheritance.csproj", "{2DEAAF56-47DC-4D50-809A-E1B2C3FE7393}"
EndProject
Project("{9A19103F-16F7-4668-BE54-9A1E7A4F7556}") = "BridgeComposition", "Behavioral\04. Bridge\BridgeComposition\BridgeComposition.csproj", "{8DE92E50-9A46-447B-BA68-10E3372E0883}"
EndProject
Project("{2150E333-8FDC-42A3-9474-1A3956D46DE8}") = "05. NullObject", "05. NullObject", "{674F7C0C-8A80-4D11-BAFC-9DFA2497CEE8}"
EndProject
Project("{9A19103F-16F7-4668-BE54-9A1E7A4F7556}") = "NullObject", "Behavioral\05. NullObject\NullObject\NullObject.csproj", "{74779D45-B744-4350-A7BE-AD12F5B2A1D0}"
EndProject
Project("{2150E333-8FDC-42A3-9474-1A3956D46DE8}") = "Other", "Other", "{8A4A97A5-7F87-4AA7-A95C-52C35B4C0A04}"
EndProject
Project("{2150E333-8FDC-42A3-9474-1A3956D46DE8}") = "01. Specification", "01. Specification", "{85FDDA14-1400-47CE-BEBB-146F1792374D}"
EndProject
Project("{9A19103F-16F7-4668-BE54-9A1E7A4F7556}") = "SpecificationValidation", "..\Specification\SpecificationValidation\SpecificationValidation.csproj", "{62B6F2A4-0B46-4FFE-BADC-95FB41AB1A07}"
EndProject
Project("{9A19103F-16F7-4668-BE54-9A1E7A4F7556}") = "SpecificationBuilding", "..\Specification\SpecificationBuilding\SpecificationBuilding.csproj", "{03C6E440-4AF4-41A9-AA74-954AA829A50E}"
EndProject
Project("{9A19103F-16F7-4668-BE54-9A1E7A4F7556}") = "SpecificationConstraints", "..\Specification\SpecificationConstraints\SpecificationConstraints.csproj", "{8A7C67AB-1524-4F9F-82AF-C31519041130}"
EndProject
Project("{2150E333-8FDC-42A3-9474-1A3956D46DE8}") = "06. State", "06. State", "{3CFD2679-ABAA-4CF0-83BA-FE0C09BBB2FA}"
EndProject
Project("{9A19103F-16F7-4668-BE54-9A1E7A4F7556}") = "StateNaive", "Behavioral\06. State\StateNaive\StateNaive.csproj", "{6097A78F-36C6-4271-8329-D15D1E9D27D1}"
EndProject
Project("{9A19103F-16F7-4668-BE54-9A1E7A4F7556}") = "State", "Behavioral\06. State\State\State.csproj", "{8952052C-8B17-4AFF-997E-823E20AD4352}"
EndProject
Project("{2150E333-8FDC-42A3-9474-1A3956D46DE8}") = "DataAccess", "DataAccess", "{2FD4D483-BA84-4B22-8E43-52ABA8BE9332}"
EndProject
Project("{2150E333-8FDC-42A3-9474-1A3956D46DE8}") = "01. Repository", "01. Repository", "{E5CE2E05-CE88-42A5-A98B-A97E9C63BC6E}"
EndProject
Project("{9A19103F-16F7-4668-BE54-9A1E7A4F7556}") = "Domain", "DataAccess\01. Repository\Domain\Domain.csproj", "{9944771E-152E-45E4-AC8F-E3702C92176D}"
EndProject
Project("{9A19103F-16F7-4668-BE54-9A1E7A4F7556}") = "Infrastructure", "DataAccess\01. Repository\Infrastructure\Infrastructure.csproj", "{A6B976E0-F39D-424D-BA97-5C9A67AFB3D1}"
EndProject
Project("{9A19103F-16F7-4668-BE54-9A1E7A4F7556}") = "Mvc", "DataAccess\01. Repository\Mvc\Mvc.csproj", "{B338D1DF-30DE-4C3E-BDE6-597598ED4784}"
EndProject
Project("{9A19103F-16F7-4668-BE54-9A1E7A4F7556}") = "Tests", "DataAccess\01. Repository\Tests\Tests.csproj", "{45C5B5BC-F412-46AD-81A5-C99FB12B3DAC}"
EndProject
Project("{2150E333-8FDC-42A3-9474-1A3956D46DE8}") = "02. UnitOfWork", "02. UnitOfWork", "{93A274D8-2743-4E34-A603-8816277C0302}"
EndProject
Project("{9A19103F-16F7-4668-BE54-9A1E7A4F7556}") = "UoWDomain", "DataAccess\02. UnitOfWork\UoWDomain\UoWDomain.csproj", "{0D399C63-02DD-4812-806E-B17F6B81E286}"
EndProject
Project("{9A19103F-16F7-4668-BE54-9A1E7A4F7556}") = "UoWInfrastructure", "DataAccess\02. UnitOfWork\UoWInfrastructure\UoWInfrastructure.csproj", "{7EBBE822-2324-4756-B235-62E26523E05A}"
EndProject
Project("{9A19103F-16F7-4668-BE54-9A1E7A4F7556}") = "UoWMvc", "DataAccess\02. UnitOfWork\UoWMvc\UoWMvc.csproj", "{2672F6D5-37F0-4547-AE7A-CD78A93C7695}"
EndProject
Global
	GlobalSection(SolutionConfigurationPlatforms) = preSolution
		Debug|Any CPU = Debug|Any CPU
		Release|Any CPU = Release|Any CPU
	EndGlobalSection
	GlobalSection(ProjectConfigurationPlatforms) = postSolution
		{10949431-C10A-4857-A880-DD711CADBF77}.Debug|Any CPU.ActiveCfg = Debug|Any CPU
		{10949431-C10A-4857-A880-DD711CADBF77}.Debug|Any CPU.Build.0 = Debug|Any CPU
		{10949431-C10A-4857-A880-DD711CADBF77}.Release|Any CPU.ActiveCfg = Release|Any CPU
		{10949431-C10A-4857-A880-DD711CADBF77}.Release|Any CPU.Build.0 = Release|Any CPU
		{1923529D-C445-4D18-8FCE-EECF6DA495C8}.Debug|Any CPU.ActiveCfg = Debug|Any CPU
		{1923529D-C445-4D18-8FCE-EECF6DA495C8}.Debug|Any CPU.Build.0 = Debug|Any CPU
		{1923529D-C445-4D18-8FCE-EECF6DA495C8}.Release|Any CPU.ActiveCfg = Release|Any CPU
		{1923529D-C445-4D18-8FCE-EECF6DA495C8}.Release|Any CPU.Build.0 = Release|Any CPU
		{0A85CABB-4EBD-4E78-B245-43BC1619E117}.Debug|Any CPU.ActiveCfg = Debug|Any CPU
		{0A85CABB-4EBD-4E78-B245-43BC1619E117}.Debug|Any CPU.Build.0 = Debug|Any CPU
		{0A85CABB-4EBD-4E78-B245-43BC1619E117}.Release|Any CPU.ActiveCfg = Release|Any CPU
		{0A85CABB-4EBD-4E78-B245-43BC1619E117}.Release|Any CPU.Build.0 = Release|Any CPU
		{261CBCC7-B7F1-4A85-8FF7-0A9BC04E6881}.Debug|Any CPU.ActiveCfg = Debug|Any CPU
		{261CBCC7-B7F1-4A85-8FF7-0A9BC04E6881}.Debug|Any CPU.Build.0 = Debug|Any CPU
		{261CBCC7-B7F1-4A85-8FF7-0A9BC04E6881}.Release|Any CPU.ActiveCfg = Release|Any CPU
		{261CBCC7-B7F1-4A85-8FF7-0A9BC04E6881}.Release|Any CPU.Build.0 = Release|Any CPU
		{D02ED29F-F012-44FE-896D-30827394758A}.Debug|Any CPU.ActiveCfg = Debug|Any CPU
		{D02ED29F-F012-44FE-896D-30827394758A}.Debug|Any CPU.Build.0 = Debug|Any CPU
		{D02ED29F-F012-44FE-896D-30827394758A}.Release|Any CPU.ActiveCfg = Release|Any CPU
		{D02ED29F-F012-44FE-896D-30827394758A}.Release|Any CPU.Build.0 = Release|Any CPU
		{4D8B29C0-A4BF-4B39-ACE5-92FA321330CF}.Debug|Any CPU.ActiveCfg = Debug|Any CPU
		{4D8B29C0-A4BF-4B39-ACE5-92FA321330CF}.Debug|Any CPU.Build.0 = Debug|Any CPU
		{4D8B29C0-A4BF-4B39-ACE5-92FA321330CF}.Release|Any CPU.ActiveCfg = Release|Any CPU
		{4D8B29C0-A4BF-4B39-ACE5-92FA321330CF}.Release|Any CPU.Build.0 = Release|Any CPU
		{6134A2C2-EE1E-4FD3-B1E4-905A7F5B61C1}.Debug|Any CPU.ActiveCfg = Debug|Any CPU
		{6134A2C2-EE1E-4FD3-B1E4-905A7F5B61C1}.Debug|Any CPU.Build.0 = Debug|Any CPU
		{6134A2C2-EE1E-4FD3-B1E4-905A7F5B61C1}.Release|Any CPU.ActiveCfg = Release|Any CPU
		{6134A2C2-EE1E-4FD3-B1E4-905A7F5B61C1}.Release|Any CPU.Build.0 = Release|Any CPU
		{565866B0-C8CB-44F0-91FF-9D931A920491}.Debug|Any CPU.ActiveCfg = Debug|Any CPU
		{565866B0-C8CB-44F0-91FF-9D931A920491}.Debug|Any CPU.Build.0 = Debug|Any CPU
		{565866B0-C8CB-44F0-91FF-9D931A920491}.Release|Any CPU.ActiveCfg = Release|Any CPU
		{565866B0-C8CB-44F0-91FF-9D931A920491}.Release|Any CPU.Build.0 = Release|Any CPU
		{2DEAAF56-47DC-4D50-809A-E1B2C3FE7393}.Debug|Any CPU.ActiveCfg = Debug|Any CPU
		{2DEAAF56-47DC-4D50-809A-E1B2C3FE7393}.Debug|Any CPU.Build.0 = Debug|Any CPU
		{2DEAAF56-47DC-4D50-809A-E1B2C3FE7393}.Release|Any CPU.ActiveCfg = Release|Any CPU
		{2DEAAF56-47DC-4D50-809A-E1B2C3FE7393}.Release|Any CPU.Build.0 = Release|Any CPU
		{8DE92E50-9A46-447B-BA68-10E3372E0883}.Debug|Any CPU.ActiveCfg = Debug|Any CPU
		{8DE92E50-9A46-447B-BA68-10E3372E0883}.Debug|Any CPU.Build.0 = Debug|Any CPU
		{8DE92E50-9A46-447B-BA68-10E3372E0883}.Release|Any CPU.ActiveCfg = Release|Any CPU
		{8DE92E50-9A46-447B-BA68-10E3372E0883}.Release|Any CPU.Build.0 = Release|Any CPU
		{74779D45-B744-4350-A7BE-AD12F5B2A1D0}.Debug|Any CPU.ActiveCfg = Debug|Any CPU
		{74779D45-B744-4350-A7BE-AD12F5B2A1D0}.Debug|Any CPU.Build.0 = Debug|Any CPU
		{74779D45-B744-4350-A7BE-AD12F5B2A1D0}.Release|Any CPU.ActiveCfg = Release|Any CPU
		{74779D45-B744-4350-A7BE-AD12F5B2A1D0}.Release|Any CPU.Build.0 = Release|Any CPU
		{62B6F2A4-0B46-4FFE-BADC-95FB41AB1A07}.Debug|Any CPU.ActiveCfg = Debug|Any CPU
		{62B6F2A4-0B46-4FFE-BADC-95FB41AB1A07}.Debug|Any CPU.Build.0 = Debug|Any CPU
		{62B6F2A4-0B46-4FFE-BADC-95FB41AB1A07}.Release|Any CPU.ActiveCfg = Release|Any CPU
		{62B6F2A4-0B46-4FFE-BADC-95FB41AB1A07}.Release|Any CPU.Build.0 = Release|Any CPU
		{03C6E440-4AF4-41A9-AA74-954AA829A50E}.Debug|Any CPU.ActiveCfg = Debug|Any CPU
		{03C6E440-4AF4-41A9-AA74-954AA829A50E}.Debug|Any CPU.Build.0 = Debug|Any CPU
		{03C6E440-4AF4-41A9-AA74-954AA829A50E}.Release|Any CPU.ActiveCfg = Release|Any CPU
		{03C6E440-4AF4-41A9-AA74-954AA829A50E}.Release|Any CPU.Build.0 = Release|Any CPU
		{8A7C67AB-1524-4F9F-82AF-C31519041130}.Debug|Any CPU.ActiveCfg = Debug|Any CPU
		{8A7C67AB-1524-4F9F-82AF-C31519041130}.Debug|Any CPU.Build.0 = Debug|Any CPU
		{8A7C67AB-1524-4F9F-82AF-C31519041130}.Release|Any CPU.ActiveCfg = Release|Any CPU
		{8A7C67AB-1524-4F9F-82AF-C31519041130}.Release|Any CPU.Build.0 = Release|Any CPU
		{6097A78F-36C6-4271-8329-D15D1E9D27D1}.Debug|Any CPU.ActiveCfg = Debug|Any CPU
		{6097A78F-36C6-4271-8329-D15D1E9D27D1}.Debug|Any CPU.Build.0 = Debug|Any CPU
		{6097A78F-36C6-4271-8329-D15D1E9D27D1}.Release|Any CPU.ActiveCfg = Release|Any CPU
		{6097A78F-36C6-4271-8329-D15D1E9D27D1}.Release|Any CPU.Build.0 = Release|Any CPU
		{8952052C-8B17-4AFF-997E-823E20AD4352}.Debug|Any CPU.ActiveCfg = Debug|Any CPU
		{8952052C-8B17-4AFF-997E-823E20AD4352}.Debug|Any CPU.Build.0 = Debug|Any CPU
		{8952052C-8B17-4AFF-997E-823E20AD4352}.Release|Any CPU.ActiveCfg = Release|Any CPU
		{8952052C-8B17-4AFF-997E-823E20AD4352}.Release|Any CPU.Build.0 = Release|Any CPU
		{9944771E-152E-45E4-AC8F-E3702C92176D}.Debug|Any CPU.ActiveCfg = Debug|Any CPU
		{9944771E-152E-45E4-AC8F-E3702C92176D}.Debug|Any CPU.Build.0 = Debug|Any CPU
		{9944771E-152E-45E4-AC8F-E3702C92176D}.Release|Any CPU.ActiveCfg = Release|Any CPU
		{9944771E-152E-45E4-AC8F-E3702C92176D}.Release|Any CPU.Build.0 = Release|Any CPU
		{A6B976E0-F39D-424D-BA97-5C9A67AFB3D1}.Debug|Any CPU.ActiveCfg = Debug|Any CPU
		{A6B976E0-F39D-424D-BA97-5C9A67AFB3D1}.Debug|Any CPU.Build.0 = Debug|Any CPU
		{A6B976E0-F39D-424D-BA97-5C9A67AFB3D1}.Release|Any CPU.ActiveCfg = Release|Any CPU
		{A6B976E0-F39D-424D-BA97-5C9A67AFB3D1}.Release|Any CPU.Build.0 = Release|Any CPU
		{B338D1DF-30DE-4C3E-BDE6-597598ED4784}.Debug|Any CPU.ActiveCfg = Debug|Any CPU
		{B338D1DF-30DE-4C3E-BDE6-597598ED4784}.Debug|Any CPU.Build.0 = Debug|Any CPU
		{B338D1DF-30DE-4C3E-BDE6-597598ED4784}.Release|Any CPU.ActiveCfg = Release|Any CPU
		{B338D1DF-30DE-4C3E-BDE6-597598ED4784}.Release|Any CPU.Build.0 = Release|Any CPU
		{45C5B5BC-F412-46AD-81A5-C99FB12B3DAC}.Debug|Any CPU.ActiveCfg = Debug|Any CPU
		{45C5B5BC-F412-46AD-81A5-C99FB12B3DAC}.Debug|Any CPU.Build.0 = Debug|Any CPU
		{45C5B5BC-F412-46AD-81A5-C99FB12B3DAC}.Release|Any CPU.ActiveCfg = Release|Any CPU
		{45C5B5BC-F412-46AD-81A5-C99FB12B3DAC}.Release|Any CPU.Build.0 = Release|Any CPU
		{0D399C63-02DD-4812-806E-B17F6B81E286}.Debug|Any CPU.ActiveCfg = Debug|Any CPU
		{0D399C63-02DD-4812-806E-B17F6B81E286}.Debug|Any CPU.Build.0 = Debug|Any CPU
		{0D399C63-02DD-4812-806E-B17F6B81E286}.Release|Any CPU.ActiveCfg = Release|Any CPU
		{0D399C63-02DD-4812-806E-B17F6B81E286}.Release|Any CPU.Build.0 = Release|Any CPU
		{7EBBE822-2324-4756-B235-62E26523E05A}.Debug|Any CPU.ActiveCfg = Debug|Any CPU
		{7EBBE822-2324-4756-B235-62E26523E05A}.Debug|Any CPU.Build.0 = Debug|Any CPU
		{7EBBE822-2324-4756-B235-62E26523E05A}.Release|Any CPU.ActiveCfg = Release|Any CPU
		{7EBBE822-2324-4756-B235-62E26523E05A}.Release|Any CPU.Build.0 = Release|Any CPU
		{2672F6D5-37F0-4547-AE7A-CD78A93C7695}.Debug|Any CPU.ActiveCfg = Debug|Any CPU
		{2672F6D5-37F0-4547-AE7A-CD78A93C7695}.Debug|Any CPU.Build.0 = Debug|Any CPU
		{2672F6D5-37F0-4547-AE7A-CD78A93C7695}.Release|Any CPU.ActiveCfg = Release|Any CPU
		{2672F6D5-37F0-4547-AE7A-CD78A93C7695}.Release|Any CPU.Build.0 = Release|Any CPU
	EndGlobalSection
	GlobalSection(SolutionProperties) = preSolution
		HideSolutionNode = FALSE
	EndGlobalSection
	GlobalSection(NestedProjects) = preSolution
		{10949431-C10A-4857-A880-DD711CADBF77} = {6E277913-E408-4478-B826-1A987746AC3D}
		{6E277913-E408-4478-B826-1A987746AC3D} = {C29324D1-26C0-433C-BAB9-322A2BFCCD95}
		{1923529D-C445-4D18-8FCE-EECF6DA495C8} = {6E277913-E408-4478-B826-1A987746AC3D}
		{0A85CABB-4EBD-4E78-B245-43BC1619E117} = {6E277913-E408-4478-B826-1A987746AC3D}
		{261CBCC7-B7F1-4A85-8FF7-0A9BC04E6881} = {6E277913-E408-4478-B826-1A987746AC3D}
		{D02ED29F-F012-44FE-896D-30827394758A} = {6E277913-E408-4478-B826-1A987746AC3D}
		{4D8B29C0-A4BF-4B39-ACE5-92FA321330CF} = {6E277913-E408-4478-B826-1A987746AC3D}
		{9222E9CA-6246-440A-B0B9-3867E0CBB47D} = {C29324D1-26C0-433C-BAB9-322A2BFCCD95}
		{6134A2C2-EE1E-4FD3-B1E4-905A7F5B61C1} = {9222E9CA-6246-440A-B0B9-3867E0CBB47D}
		{650745BB-4910-4030-9088-EA2C70F1D6DE} = {C29324D1-26C0-433C-BAB9-322A2BFCCD95}
		{565866B0-C8CB-44F0-91FF-9D931A920491} = {650745BB-4910-4030-9088-EA2C70F1D6DE}
		{577A7163-C107-42A1-883E-E938A26CC3E7} = {C29324D1-26C0-433C-BAB9-322A2BFCCD95}
		{2DEAAF56-47DC-4D50-809A-E1B2C3FE7393} = {577A7163-C107-42A1-883E-E938A26CC3E7}
		{8DE92E50-9A46-447B-BA68-10E3372E0883} = {577A7163-C107-42A1-883E-E938A26CC3E7}
		{674F7C0C-8A80-4D11-BAFC-9DFA2497CEE8} = {C29324D1-26C0-433C-BAB9-322A2BFCCD95}
		{74779D45-B744-4350-A7BE-AD12F5B2A1D0} = {674F7C0C-8A80-4D11-BAFC-9DFA2497CEE8}
		{85FDDA14-1400-47CE-BEBB-146F1792374D} = {8A4A97A5-7F87-4AA7-A95C-52C35B4C0A04}
		{62B6F2A4-0B46-4FFE-BADC-95FB41AB1A07} = {85FDDA14-1400-47CE-BEBB-146F1792374D}
		{03C6E440-4AF4-41A9-AA74-954AA829A50E} = {85FDDA14-1400-47CE-BEBB-146F1792374D}
		{8A7C67AB-1524-4F9F-82AF-C31519041130} = {85FDDA14-1400-47CE-BEBB-146F1792374D}
		{3CFD2679-ABAA-4CF0-83BA-FE0C09BBB2FA} = {C29324D1-26C0-433C-BAB9-322A2BFCCD95}
		{6097A78F-36C6-4271-8329-D15D1E9D27D1} = {3CFD2679-ABAA-4CF0-83BA-FE0C09BBB2FA}
		{8952052C-8B17-4AFF-997E-823E20AD4352} = {3CFD2679-ABAA-4CF0-83BA-FE0C09BBB2FA}
		{E5CE2E05-CE88-42A5-A98B-A97E9C63BC6E} = {2FD4D483-BA84-4B22-8E43-52ABA8BE9332}
		{9944771E-152E-45E4-AC8F-E3702C92176D} = {E5CE2E05-CE88-42A5-A98B-A97E9C63BC6E}
		{A6B976E0-F39D-424D-BA97-5C9A67AFB3D1} = {E5CE2E05-CE88-42A5-A98B-A97E9C63BC6E}
		{B338D1DF-30DE-4C3E-BDE6-597598ED4784} = {E5CE2E05-CE88-42A5-A98B-A97E9C63BC6E}
		{45C5B5BC-F412-46AD-81A5-C99FB12B3DAC} = {E5CE2E05-CE88-42A5-A98B-A97E9C63BC6E}
		{93A274D8-2743-4E34-A603-8816277C0302} = {2FD4D483-BA84-4B22-8E43-52ABA8BE9332}
		{0D399C63-02DD-4812-806E-B17F6B81E286} = {93A274D8-2743-4E34-A603-8816277C0302}
		{7EBBE822-2324-4756-B235-62E26523E05A} = {93A274D8-2743-4E34-A603-8816277C0302}
		{2672F6D5-37F0-4547-AE7A-CD78A93C7695} = {93A274D8-2743-4E34-A603-8816277C0302}
	EndGlobalSection
	GlobalSection(ExtensibilityGlobals) = postSolution
		SolutionGuid = {B79B57A2-B8C0-4309-A55F-B811E1782B87}
	EndGlobalSection
EndGlobal
